
Microsoft Visual Studio Solution File, Format Version 12.00
# Visual Studio Version 17
VisualStudioVersion = 17.9.34607.119
MinimumVisualStudioVersion = 10.0.40219.1
Project("{9A19103F-16F7-4668-BE54-9A1E7A4F7556}") = "V8ed", "V8ed\V8ed.csproj", "{87265D08-F735-4FD1-BA07-6F361BB5C00C}"
EndProject
Global
	GlobalSection(SolutionConfigurationPlatforms) = preSolution
		Debug|Any CPU = Debug|Any CPU
		Release|Any CPU = Release|Any CPU
	EndGlobalSection
	GlobalSection(ProjectConfigurationPlatforms) = postSolution
		{87265D08-F735-4FD1-BA07-6F361BB5C00C}.Debug|Any CPU.ActiveCfg = Debug|Any CPU
		{87265D08-F735-4FD1-BA07-6F361BB5C00C}.Debug|Any CPU.Build.0 = Debug|Any CPU
		{87265D08-F735-4FD1-BA07-6F361BB5C00C}.Release|Any CPU.ActiveCfg = Release|Any CPU
		{87265D08-F735-4FD1-BA07-6F361BB5C00C}.Release|Any CPU.Build.0 = Release|Any CPU
		{9A500F7D-B094-401E-82CA-EB4BD2ED8923}.Debug|Any CPU.ActiveCfg = Debug|Any CPU
		{9A500F7D-B094-401E-82CA-EB4BD2ED8923}.Debug|Any CPU.Build.0 = Debug|Any CPU
		{9A500F7D-B094-401E-82CA-EB4BD2ED8923}.Debug|Any CPU.Deploy.0 = Debug|Any CPU
		{9A500F7D-B094-401E-82CA-EB4BD2ED8923}.Release|Any CPU.ActiveCfg = Release|Any CPU
		{9A500F7D-B094-401E-82CA-EB4BD2ED8923}.Release|Any CPU.Build.0 = Release|Any CPU
		{9A500F7D-B094-401E-82CA-EB4BD2ED8923}.Release|Any CPU.Deploy.0 = Release|Any CPU
		{6337B29B-389E-4DBE-A50C-D08F0768544C}.Debug|Any CPU.ActiveCfg = Debug|Any CPU
		{6337B29B-389E-4DBE-A50C-D08F0768544C}.Debug|Any CPU.Build.0 = Debug|Any CPU
		{6337B29B-389E-4DBE-A50C-D08F0768544C}.Release|Any CPU.ActiveCfg = Release|Any CPU
		{6337B29B-389E-4DBE-A50C-D08F0768544C}.Release|Any CPU.Build.0 = Release|Any CPU
	EndGlobalSection
	GlobalSection(SolutionProperties) = preSolution
		HideSolutionNode = FALSE
	EndGlobalSection
EndGlobal
