
Microsoft Visual Studio Solution File, Format Version 12.00
Project("{FAE04EC0-301F-11D3-BF4B-00C04F79EFBC}") = "V8ed", "V8ed\V8ed.csproj", "{87265D08-F735-4FD1-BA07-6F361BB5C00C}"
EndProject
Global
	GlobalSection(SolutionConfigurationPlatforms) = preSolution
		Debug|Any CPU = Debug|Any CPU
		Release|Any CPU = Release|Any CPU
	EndGlobalSection
	GlobalSection(ProjectConfigurationPlatforms) = postSolution
		{87265D08-F735-4FD1-BA07-6F361BB5C00C}.Debug|Any CPU.ActiveCfg = Debug|Any CPU
		{87265D08-F735-4FD1-BA07-6F361BB5C00C}.Debug|Any CPU.Build.0 = Debug|Any CPU
		{87265D08-F735-4FD1-BA07-6F361BB5C00C}.Release|Any CPU.ActiveCfg = Release|Any CPU
		{87265D08-F735-4FD1-BA07-6F361BB5C00C}.Release|Any CPU.Build.0 = Release|Any CPU
	EndGlobalSection
EndGlobal
